Microsoft Visual Studio Solution File, Format Version 12.00
# Visual Studio Version 17
VisualStudioVersion = 17.14.37111.16 d17.14
MinimumVisualStudioVersion = 10.0.40219.1
Project("{FAE04EC0-301F-11D3-BF4B-00C04F79EFBC}") = "OnlineBookingSystem.Api", "OnlineBookingSystem.Api\OnlineBookingSystem.Api.csproj", "{A1B2C3D4-1111-4111-8111-111111111101}"
EndProject
Project("{FAE04EC0-301F-11D3-BF4B-00C04F79EFBC}") = "OnlineBookingSystem.Shared", "..\shared\OnlineBookingSystem.Shared\OnlineBookingSystem.Shared.csproj", "{A1B2C3D4-1111-4111-8111-111111111102}"
EndProject
Project("{FAE04EC0-301F-11D3-BF4B-00C04F79EFBC}") = "OnlineBookingSystem.ProvisioningCli", "OnlineBookingSystem.ProvisioningCli\OnlineBookingSystem.ProvisioningCli.csproj", "{A1B2C3D4-1111-4111-8111-111111111103}"
EndProject
Global
	GlobalSection(SolutionConfigurationPlatforms) = preSolution
		Debug|Any CPU = Debug|Any CPU
		Release|Any CPU = Release|Any CPU
	EndGlobalSection
	GlobalSection(ProjectConfigurationPlatforms) = postSolution
		{A1B2C3D4-1111-4111-8111-111111111101}.Debug|Any CPU.ActiveCfg = Debug|Any CPU
		{A1B2C3D4-1111-4111-8111-111111111101}.Debug|Any CPU.Build.0 = Debug|Any CPU
		{A1B2C3D4-1111-4111-8111-111111111101}.Release|Any CPU.ActiveCfg = Release|Any CPU
		{A1B2C3D4-1111-4111-8111-111111111101}.Release|Any CPU.Build.0 = Release|Any CPU
		{A1B2C3D4-1111-4111-8111-111111111102}.Debug|Any CPU.ActiveCfg = Debug|Any CPU
		{A1B2C3D4-1111-4111-8111-111111111102}.Debug|Any CPU.Build.0 = Debug|Any CPU
		{A1B2C3D4-1111-4111-8111-111111111102}.Release|Any CPU.ActiveCfg = Release|Any CPU
		{A1B2C3D4-1111-4111-8111-111111111102}.Release|Any CPU.Build.0 = Release|Any CPU
		{A1B2C3D4-1111-4111-8111-111111111103}.Debug|Any CPU.ActiveCfg = Debug|Any CPU
		{A1B2C3D4-1111-4111-8111-111111111103}.Debug|Any CPU.Build.0 = Debug|Any CPU
		{A1B2C3D4-1111-4111-8111-111111111103}.Release|Any CPU.ActiveCfg = Release|Any CPU
		{A1B2C3D4-1111-4111-8111-111111111103}.Release|Any CPU.Build.0 = Release|Any CPU
	EndGlobalSection
	GlobalSection(SolutionProperties) = preSolution
		HideSolutionNode = FALSE
	EndGlobalSection
	GlobalSection(ExtensibilityGlobals) = postSolution
		SolutionGuid = {40FE2AF5-6E28-499E-956B-AA7305D87B0A}
	EndGlobalSection
EndGlobal
